
Microsoft Visual Studio Solution File, Format Version 12.00
# Visual Studio Version 17
VisualStudioVersion = 17.10.35122.118
MinimumVisualStudioVersion = 10.0.40219.1
Project("{888888A0-9F3D-457C-B088-3A5042F75D52}") = "Lab12", "Lab12\Lab12.pyproj", "{D1881E2F-9170-4514-8DCD-090F6B61931B}"
EndProject
Global
	GlobalSection(SolutionConfigurationPlatforms) = preSolution
		Debug|Any CPU = Debug|Any CPU
		Release|Any CPU = Release|Any CPU
	EndGlobalSection
	GlobalSection(ProjectConfigurationPlatforms) = postSolution
		{D1881E2F-9170-4514-8DCD-090F6B61931B}.Debug|Any CPU.ActiveCfg = Debug|Any CPU
		{D1881E2F-9170-4514-8DCD-090F6B61931B}.Release|Any CPU.ActiveCfg = Release|Any CPU
	EndGlobalSection
	GlobalSection(SolutionProperties) = preSolution
		HideSolutionNode = FALSE
	EndGlobalSection
	GlobalSection(ExtensibilityGlobals) = postSolution
		SolutionGuid = {668A96D0-1A4F-427D-B0B2-35B96128CA01}
	EndGlobalSection
EndGlobal
